# THIS IS AN AUTOGENERATED FILE. DO NOT EDIT THIS FILE DIRECTLY.
# yarn lockfile v1


"@sindresorhus/is@^5.2.0":
  version "5.3.0"
  resolved "https://registry.yarnpkg.com/@sindresorhus/is/-/is-5.3.0.tgz#0ec9264cf54a527671d990eb874e030b55b70dcc"
  integrity sha512-CX6t4SYQ37lzxicAqsBtxA3OseeoVrh9cSJ5PFYam0GksYlupRfy1A+Q4aYD3zvcfECLc0zO2u+ZnR2UYKvCrw==

"@szmarczak/http-timer@^5.0.1":
  version "5.0.1"
  resolved "https://registry.yarnpkg.com/@szmarczak/http-timer/-/http-timer-5.0.1.tgz#c7c1bf1141cdd4751b0399c8fc7b8b664cd5be3a"
  integrity sha512-+PmQX0PiAYPMeVYe237LJAYvOMYW1j2rH5YROyS3b4CTVJum34HfRvKvAzozHAQG0TnHNdUfY9nCeUyRAs//cw==
  dependencies:
    defer-to-connect "^2.0.1"

"@types/http-cache-semantics@^4.0.1":
  version "4.0.1"
  resolved "https://registry.yarnpkg.com/@types/http-cache-semantics/-/http-cache-semantics-4.0.1.tgz#0ea7b61496902b95890dc4c3a116b60cb8dae812"
  integrity sha512-SZs7ekbP8CN0txVG2xVRH6EgKmEm31BOxA07vkFaETzZz1xh+cbt8BcI0slpymvwhx5dlFnQG2rTlPVQn+iRPQ==

async@~3.2.3:
  version "3.2.4"
  resolved "https://registry.yarnpkg.com/async/-/async-3.2.4.tgz#2d22e00f8cddeb5fde5dd33522b56d1cf569a81c"
  integrity sha512-iAB+JbDEGXhyIUavoDl9WP/Jj106Kz9DEn1DPgYw5ruDn0e3Wgi3sKFm55sASdGBNOQB8F59d9qQ7deqrHA8wQ==

cacheable-lookup@^7.0.0:
  version "7.0.0"
  resolved "https://registry.yarnpkg.com/cacheable-lookup/-/cacheable-lookup-7.0.0.tgz#3476a8215d046e5a3202a9209dd13fec1f933a27"
  integrity sha512-+qJyx4xiKra8mZrcwhjMRMUhD5NR1R8esPkzIYxX96JiecFoxAXFuz/GpR3+ev4PE1WamHip78wV0vcmPQtp8w==

cacheable-request@^10.2.8:
  version "10.2.10"
  resolved "https://registry.yarnpkg.com/cacheable-request/-/cacheable-request-10.2.10.tgz#1785984a9a4ddec8dd01792232cca474be49a8af"
  integrity sha512-v6WB+Epm/qO4Hdlio/sfUn69r5Shgh39SsE9DSd4bIezP0mblOlObI+I0kUEM7J0JFc+I7pSeMeYaOYtX1N/VQ==
  dependencies:
    "@types/http-cache-semantics" "^4.0.1"
    get-stream "^6.0.1"
    http-cache-semantics "^4.1.1"
    keyv "^4.5.2"
    mimic-response "^4.0.0"
    normalize-url "^8.0.0"
    responselike "^3.0.0"

console-polyfill@0.3.0:
  version "0.3.0"
  resolved "https://registry.yarnpkg.com/console-polyfill/-/console-polyfill-0.3.0.tgz#84900902a18c47a5eba932be75fa44d23e8af861"
  integrity sha512-w+JSDZS7XML43Xnwo2x5O5vxB0ID7T5BdqDtyqT6uiCAX2kZAgcWxNaGqT97tZfSHzfOcvrfsDAodKcJ3UvnXQ==

decache@^3.0.5:
  version "3.1.0"
  resolved "https://registry.yarnpkg.com/decache/-/decache-3.1.0.tgz#4f5036fbd6581fcc97237ac3954a244b9536c2da"
  integrity sha512-p7D6wJ5EJFFq1CcF2lu1XeqKFLBob8jRQGNAvFLTsV3CbSKBl3VtliAVlUIGz2i9H6kEFnI2Amaft5ZopIG2Fw==
  dependencies:
    find "^0.2.4"

decompress-response@^6.0.0:
  version "6.0.0"
  resolved "https://registry.yarnpkg.com/decompress-response/-/decompress-response-6.0.0.tgz#ca387612ddb7e104bd16d85aab00d5ecf09c66fc"
  integrity sha512-aW35yZM6Bb/4oJlZncMH2LCoZtJXTRxES17vE3hoRiowU2kWHaJKFkSBDnDR+cm9J+9QhXmREyIfv0pji9ejCQ==
  dependencies:
    mimic-response "^3.1.0"

defer-to-connect@^2.0.1:
  version "2.0.1"
  resolved "https://registry.yarnpkg.com/defer-to-connect/-/defer-to-connect-2.0.1.tgz#8016bdb4143e4632b77a3449c6236277de520587"
  integrity sha512-4tvttepXG1VaYGrRibk5EwJd1t4udunSOVMdLSAL6mId1ix438oPwPZMALY41FCijukO1L0twNcGsdzS7dHgDg==

error-stack-parser@^2.0.4:
  version "2.1.4"
  resolved "https://registry.yarnpkg.com/error-stack-parser/-/error-stack-parser-2.1.4.tgz#229cb01cdbfa84440bfa91876285b94680188286"
  integrity sha512-Sk5V6wVazPhq5MhpO+AUxJn5x7XSXGl1R93Vn7i+zS15KDVxQijejNCrz8340/2bgLBjR9GtEG8ZVKONDjcqGQ==
  dependencies:
    stackframe "^1.3.4"

find@^0.2.4:
  version "0.2.9"
  resolved "https://registry.yarnpkg.com/find/-/find-0.2.9.tgz#4b73f1ff9e56ad91b76e716407fe5ffe6554bb8c"
  integrity sha512-7a4/LCiInB9xYMnAUEjLilL9FKclwbwK7VlXw+h5jMvT2TDFeYFCHM24O1XdnC/on/hx8mxVO3FTQkyHZnOghQ==
  dependencies:
    traverse-chain "~0.1.0"

form-data-encoder@^2.1.2:
  version "2.1.4"
  resolved "https://registry.yarnpkg.com/form-data-encoder/-/form-data-encoder-2.1.4.tgz#261ea35d2a70d48d30ec7a9603130fa5515e9cd5"
  integrity sha512-yDYSgNMraqvnxiEXO4hi88+YZxaHC6QKzb5N84iRCTDeRO7ZALpir/lVmf/uXUhnwUr2O4HU8s/n6x+yNjQkHw==

get-stream@^6.0.1:
  version "6.0.1"
  resolved "https://registry.yarnpkg.com/get-stream/-/get-stream-6.0.1.tgz#a262d8eef67aced57c2852ad6167526a43cbf7b7"
  integrity sha512-ts6Wi+2j3jQjqi70w5AlN8DFnkSwC+MqmxEzdEALB2qXZYV3X/b1CTfgPLGJNMeAWxdPfU8FO1ms3NUfaHCPYg==

got@^12.6.0:
  version "12.6.0"
  resolved "https://registry.yarnpkg.com/got/-/got-12.6.0.tgz#8d382ee5de4432c086e83c133efdd474484f6ac7"
  integrity sha512-WTcaQ963xV97MN3x0/CbAriXFZcXCfgxVp91I+Ze6pawQOa7SgzwSx2zIJJsX+kTajMnVs0xcFD1TxZKFqhdnQ==
  dependencies:
    "@sindresorhus/is" "^5.2.0"
    "@szmarczak/http-timer" "^5.0.1"
    cacheable-lookup "^7.0.0"
    cacheable-request "^10.2.8"
    decompress-response "^6.0.0"
    form-data-encoder "^2.1.2"
    get-stream "^6.0.1"
    http2-wrapper "^2.1.10"
    lowercase-keys "^3.0.0"
    p-cancelable "^3.0.0"
    responselike "^3.0.0"

http-cache-semantics@^4.1.1:
  version "4.1.1"
  resolved "https://registry.yarnpkg.com/http-cache-semantics/-/http-cache-semantics-4.1.1.tgz#abe02fcb2985460bf0323be664436ec3476a6d5a"
  integrity sha512-er295DKPVsV82j5kw1Gjt+ADA/XYHsajl82cGNQG2eyoPkvgUhX+nDIyelzhIWbbsXP39EHcI6l5tYs2FYqYXQ==

http2-wrapper@^2.1.10:
  version "2.2.0"
  resolved "https://registry.yarnpkg.com/http2-wrapper/-/http2-wrapper-2.2.0.tgz#b80ad199d216b7d3680195077bd7b9060fa9d7f3"
  integrity sha512-kZB0wxMo0sh1PehyjJUWRFEd99KC5TLjZ2cULC4f9iqJBAmKQQXEICjxl5iPJRwP40dpeHFqqhm7tYCvODpqpQ==
  dependencies:
    quick-lru "^5.1.1"
    resolve-alpn "^1.2.0"

is_js@^0.9.0:
  version "0.9.0"
  resolved "https://registry.yarnpkg.com/is_js/-/is_js-0.9.0.tgz#0ab94540502ba7afa24c856aa985561669e9c52d"
  integrity sha512-8Y5EHSH+TonfUHX2g3pMJljdbGavg55q4jmHzghJCdqYDbdNROC8uw/YFQwIRCRqRJT1EY3pJefz+kglw+o7sg==

json-buffer@3.0.1:
  version "3.0.1"
  resolved "https://registry.yarnpkg.com/json-buffer/-/json-buffer-3.0.1.tgz#9338802a30d3b6605fbe0613e094008ca8c05a13"
  integrity sha512-4bV5BfR2mqfQTJm+V5tPPdf+ZpuhiIvTuAB5g8kcrXOZpTT/QwwVRWBywX1ozr6lEuPdbHxwaJlm9G6mI2sfSQ==

json-stringify-safe@~5.0.0:
  version "5.0.1"
  resolved "https://registry.yarnpkg.com/json-stringify-safe/-/json-stringify-safe-5.0.1.tgz#1296a2d58fd45f19a0f6ce01d65701e2c735b6eb"
  integrity sha512-ZClg6AaYvamvYEE82d3Iyd3vSSIjQ+odgjaTzRuO3s7toCdFKczob2i0zCh7JE8kWn17yvAWhUVxvqGwUalsRA==

keyv@^4.5.2:
  version "4.5.2"
  resolved "https://registry.yarnpkg.com/keyv/-/keyv-4.5.2.tgz#0e310ce73bf7851ec702f2eaf46ec4e3805cce56"
  integrity sha512-5MHbFaKn8cNSmVW7BYnijeAVlE4cYA/SVkifVgrh7yotnfhKmjuXpDKjrABLnT0SfHWV21P8ow07OGfRrNDg8g==
  dependencies:
    json-buffer "3.0.1"

lowercase-keys@^3.0.0:
  version "3.0.0"
  resolved "https://registry.yarnpkg.com/lowercase-keys/-/lowercase-keys-3.0.0.tgz#c5e7d442e37ead247ae9db117a9d0a467c89d4f2"
  integrity sha512-ozCC6gdQ+glXOQsveKD0YsDy8DSQFjDTz4zyzEHNV5+JP5D62LmfDZ6o1cycFx9ouG940M5dE8C8CTewdj2YWQ==

lru-cache@~2.2.1:
  version "2.2.4"
  resolved "https://registry.yarnpkg.com/lru-cache/-/lru-cache-2.2.4.tgz#6c658619becf14031d0d0b594b16042ce4dc063d"
  integrity sha512-Q5pAgXs+WEAfoEdw2qKQhNFFhMoFMTYqRVKKUMnzuiR7oKFHS7fWo848cPcTKw+4j/IdN17NyzdhVKgabFV0EA==

mimic-response@^3.1.0:
  version "3.1.0"
  resolved "https://registry.yarnpkg.com/mimic-response/-/mimic-response-3.1.0.tgz#2d1d59af9c1b129815accc2c46a022a5ce1fa3c9"
  integrity sha512-z0yWI+4FDrrweS8Zmt4Ej5HdJmky15+L2e6Wgn3+iK5fWzb6T3fhNFq2+MeTRb064c6Wr4N/wv0DzQTjNzHNGQ==

mimic-response@^4.0.0:
  version "4.0.0"
  resolved "https://registry.yarnpkg.com/mimic-response/-/mimic-response-4.0.0.tgz#35468b19e7c75d10f5165ea25e75a5ceea7cf70f"
  integrity sha512-e5ISH9xMYU0DzrT+jl8q2ze9D6eWBto+I8CNpe+VI+K2J/F/k3PdkdTdz4wvGVH4NTpo+NRYTVIuMQEMMcsLqg==

normalize-url@^8.0.0:
  version "8.0.0"
  resolved "https://registry.yarnpkg.com/normalize-url/-/normalize-url-8.0.0.tgz#593dbd284f743e8dcf6a5ddf8fadff149c82701a"
  integrity sha512-uVFpKhj5MheNBJRTiMZ9pE/7hD1QTeEvugSJW/OmLzAp78PB5O6adfMNTvmfKhXBkvCzC+rqifWcVYpGFwTjnw==

p-cancelable@^3.0.0:
  version "3.0.0"
  resolved "https://registry.yarnpkg.com/p-cancelable/-/p-cancelable-3.0.0.tgz#63826694b54d61ca1c20ebcb6d3ecf5e14cd8050"
  integrity sha512-mlVgR3PGuzlo0MmTdk4cXqXWlwQDLnONTAg6sm62XkMJEiRxN3GL3SffkYvqwonbkJBcrI7Uvv5Zh9yjvn2iUw==

quick-lru@^5.1.1:
  version "5.1.1"
  resolved "https://registry.yarnpkg.com/quick-lru/-/quick-lru-5.1.1.tgz#366493e6b3e42a3a6885e2e99d18f80fb7a8c932"
  integrity sha512-WuyALRjWPDGtt/wzJiadO5AXY+8hZ80hVpe6MyivgraREW751X3SbhRvG3eLKOYN+8VEvqLcf3wdnt44Z4S4SA==

request-ip@~2.0.1:
  version "2.0.2"
  resolved "https://registry.yarnpkg.com/request-ip/-/request-ip-2.0.2.tgz#deeae6d4af21768497db8cd05fa37143f8f1257e"
  integrity sha512-Y6LxqTmxLKKDk2I5tU2sxoCSKAnWJ42jmGqixNrH+oYoAyncpal7fFF5gqJ2bbgkRmb9qYNxdD6KFHfLS4dKBA==
  dependencies:
    is_js "^0.9.0"

resolve-alpn@^1.2.0:
  version "1.2.1"
  resolved "https://registry.yarnpkg.com/resolve-alpn/-/resolve-alpn-1.2.1.tgz#b7adbdac3546aaaec20b45e7d8265927072726f9"
  integrity sha512-0a1F4l73/ZFZOakJnQ3FvkJ2+gSTQWz/r2KE5OdDY0TxPm5h4GkqkWWfM47T7HsbnOtcJVEF4epCVy6u7Q3K+g==

responselike@^3.0.0:
  version "3.0.0"
  resolved "https://registry.yarnpkg.com/responselike/-/responselike-3.0.0.tgz#20decb6c298aff0dbee1c355ca95461d42823626"
  integrity sha512-40yHxbNcl2+rzXvZuVkrYohathsSJlMTXKryG5y8uciHv1+xDLHQpgjG64JUO9nrEq2jGLH6IZ8BcZyw3wrweg==
  dependencies:
    lowercase-keys "^3.0.0"

rollbar@^2.26.1:
  version "2.26.1"
  resolved "https://registry.yarnpkg.com/rollbar/-/rollbar-2.26.1.tgz#45a69d9a1e95fee6501dd13ee40feb75d242be78"
  integrity sha512-zphIb11bYUXP+9LJGfehukizyxINK8llwYxAeGjZTDdblyqT1Wmh1Fka3ucHjHSqeR/vZyIjTFGLj/PajUK5Gg==
  dependencies:
    async "~3.2.3"
    console-polyfill "0.3.0"
    error-stack-parser "^2.0.4"
    json-stringify-safe "~5.0.0"
    lru-cache "~2.2.1"
    request-ip "~2.0.1"
    source-map "^0.5.7"
  optionalDependencies:
    decache "^3.0.5"

source-map@^0.5.7:
  version "0.5.7"
  resolved "https://registry.yarnpkg.com/source-map/-/source-map-0.5.7.tgz#8a039d2d1021d22d1ea14c80d8ea468ba2ef3fcc"
  integrity sha512-LbrmJOMUSdEVxIKvdcJzQC+nQhe8FUZQTXQy6+I75skNgn3OoQ0DZA8YnFa7gp8tqtL3KPf1kmo0R5DoApeSGQ==

stackframe@^1.3.4:
  version "1.3.4"
  resolved "https://registry.yarnpkg.com/stackframe/-/stackframe-1.3.4.tgz#b881a004c8c149a5e8efef37d51b16e412943310"
  integrity sha512-oeVtt7eWQS+Na6F//S4kJ2K2VbRlS9D43mAlMyVpVWovy9o+jfgH8O9agzANzaiLjclA0oYzUXEM4PurhSUChw==

traverse-chain@~0.1.0:
  version "0.1.0"
  resolved "https://registry.yarnpkg.com/traverse-chain/-/traverse-chain-0.1.0.tgz#61dbc2d53b69ff6091a12a168fd7d433107e40f1"
  integrity sha512-up6Yvai4PYKhpNp5PkYtx50m3KbwQrqDwbuZP/ItyL64YEWHAvH6Md83LFLV/GRSk/BoUVwwgUzX6SOQSbsfAg==
